
Microsoft Visual Studio Solution File, Format Version 12.00
# Visual Studio Version 17
VisualStudioVersion = 17.5.33530.505
MinimumVisualStudioVersion = 10.0.40219.1
Project("{FAE04EC0-301F-11D3-BF4B-00C04F79EFBC}") = "MempoolBot", "MempoolBot.csproj", "{5AB68C3F-D871-4752-8036-D6B6C29B6C89}"
EndProject
Project("{E53339B2-1760-4266-BCC7-CA923CBCF16C}") = "docker-compose", "docker-compose.dcproj", "{4F2834E7-CE3E-4263-B737-914AEAA11EF1}"
EndProject
Global
	GlobalSection(SolutionConfigurationPlatforms) = preSolution
		Debug|Any CPU = Debug|Any CPU
		Release|Any CPU = Release|Any CPU
	EndGlobalSection
	GlobalSection(ProjectConfigurationPlatforms) = postSolution
		{5AB68C3F-D871-4752-8036-D6B6C29B6C89}.Debug|Any CPU.ActiveCfg = Debug|Any CPU
		{5AB68C3F-D871-4752-8036-D6B6C29B6C89}.Debug|Any CPU.Build.0 = Debug|Any CPU
		{5AB68C3F-D871-4752-8036-D6B6C29B6C89}.Release|Any CPU.ActiveCfg = Release|Any CPU
		{5AB68C3F-D871-4752-8036-D6B6C29B6C89}.Release|Any CPU.Build.0 = Release|Any CPU
		{4F2834E7-CE3E-4263-B737-914AEAA11EF1}.Debug|Any CPU.ActiveCfg = Debug|Any CPU
		{4F2834E7-CE3E-4263-B737-914AEAA11EF1}.Debug|Any CPU.Build.0 = Debug|Any CPU
		{4F2834E7-CE3E-4263-B737-914AEAA11EF1}.Release|Any CPU.ActiveCfg = Release|Any CPU
		{4F2834E7-CE3E-4263-B737-914AEAA11EF1}.Release|Any CPU.Build.0 = Release|Any CPU
	EndGlobalSection
	GlobalSection(SolutionProperties) = preSolution
		HideSolutionNode = FALSE
	EndGlobalSection
	GlobalSection(ExtensibilityGlobals) = postSolution
		SolutionGuid = {1589E2C2-A063-4710-9EDC-D7668355DC6B}
	EndGlobalSection
EndGlobal
